// !$*UTF8*$!
{
	archiveVersion = 1;
	classes = {
	};
	objectVersion = 52;
	objects = {

/* Begin PBXBuildFile section */
		97132AAC25A941C6008B793C /* searchProduct.swift in Sources */ = {isa = PBXBuildFile; fileRef = 97132AAB25A941C6008B793C /* searchProduct.swift */; };
		97144F30259A784A009AAB73 /* AppDelegate.swift in Sources */ = {isa = PBXBuildFile; fileRef = 97144F2F259A784A009AAB73 /* AppDelegate.swift */; };
		97144F32259A784A009AAB73 /* SceneDelegate.swift in Sources */ = {isa = PBXBuildFile; fileRef = 97144F31259A784A009AAB73 /* SceneDelegate.swift */; };
		97144F34259A784A009AAB73 /* ContentView.swift in Sources */ = {isa = PBXBuildFile; fileRef = 97144F33259A784A009AAB73 /* ContentView.swift */; };
		97144F37259A784A009AAB73 /* RMartApp.xcdatamodeld in Sources */ = {isa = PBXBuildFile; fileRef = 97144F35259A784A009AAB73 /* RMartApp.xcdatamodeld */; };
		97144F39259A784C009AAB73 /* Assets.xcassets in Resources */ = {isa = PBXBuildFile; fileRef = 97144F38259A784C009AAB73 /* Assets.xcassets */; };
		97144F3C259A784C009AAB73 /* Preview Assets.xcassets in Resources */ = {isa = PBXBuildFile; fileRef = 97144F3B259A784C009AAB73 /* Preview Assets.xcassets */; };
		97144F3F259A784C009AAB73 /* LaunchScreen.storyboard in Resources */ = {isa = PBXBuildFile; fileRef = 97144F3D259A784C009AAB73 /* LaunchScreen.storyboard */; };
		97144F51259A78C3009AAB73 /* UserSlideMenuView.swift in Sources */ = {isa = PBXBuildFile; fileRef = 97144F49259A78C2009AAB73 /* UserSlideMenuView.swift */; };
		97144F52259A78C3009AAB73 /* SignInView.swift in Sources */ = {isa = PBXBuildFile; fileRef = 97144F4A259A78C3009AAB73 /* SignInView.swift */; };
		97144F53259A78C3009AAB73 /* MenuView.swift in Sources */ = {isa = PBXBuildFile; fileRef = 97144F4B259A78C3009AAB73 /* MenuView.swift */; };
		97144F55259A78C3009AAB73 /* ProfileView.swift in Sources */ = {isa = PBXBuildFile; fileRef = 97144F4D259A78C3009AAB73 /* ProfileView.swift */; };
		97144F56259A78C3009AAB73 /* HomeContentView.swift in Sources */ = {isa = PBXBuildFile; fileRef = 97144F4E259A78C3009AAB73 /* HomeContentView.swift */; };
		97144F57259A78C3009AAB73 /* HeaderView.swift in Sources */ = {isa = PBXBuildFile; fileRef = 97144F4F259A78C3009AAB73 /* HeaderView.swift */; };
		97144F58259A78C3009AAB73 /* HomeView.swift in Sources */ = {isa = PBXBuildFile; fileRef = 97144F50259A78C3009AAB73 /* HomeView.swift */; };
		97144F5D259A78CE009AAB73 /* Settings.swift in Sources */ = {isa = PBXBuildFile; fileRef = 97144F5B259A78CE009AAB73 /* Settings.swift */; };
		97144F5E259A78CE009AAB73 /* Constant.swift in Sources */ = {isa = PBXBuildFile; fileRef = 97144F5C259A78CE009AAB73 /* Constant.swift */; };
		97144F74259AB82D009AAB73 /* MyOrdersView.swift in Sources */ = {isa = PBXBuildFile; fileRef = 97144F73259AB82D009AAB73 /* MyOrdersView.swift */; };
		97144F77259AC1EE009AAB73 /* DeliveryAddressView.swift in Sources */ = {isa = PBXBuildFile; fileRef = 97144F76259AC1EE009AAB73 /* DeliveryAddressView.swift */; };
		9740633B259FF6A500781119 /* MySubscriptionView.swift in Sources */ = {isa = PBXBuildFile; fileRef = 9740633A259FF6A500781119 /* MySubscriptionView.swift */; };
		9740633E259FF76200781119 /* AllOffersView.swift in Sources */ = {isa = PBXBuildFile; fileRef = 9740633D259FF76200781119 /* AllOffersView.swift */; };
		9765F98325A52B6A00816BFF /* gmart2.png in Resources */ = {isa = PBXBuildFile; fileRef = 9765F98225A52B6900816BFF /* gmart2.png */; };
		9765F98625A6490000816BFF /* TestView.swift in Sources */ = {isa = PBXBuildFile; fileRef = 9765F98525A6490000816BFF /* TestView.swift */; };
		9765F98B25A76F3900816BFF /* HeaderSearchView.swift in Sources */ = {isa = PBXBuildFile; fileRef = 9765F98A25A76F3900816BFF /* HeaderSearchView.swift */; };
		9765F98E25A788F600816BFF /* SearchedContentView.swift in Sources */ = {isa = PBXBuildFile; fileRef = 9765F98D25A788F600816BFF /* SearchedContentView.swift */; };
		9782035425A28D8400F21F42 /* CustomerServiceView.swift in Sources */ = {isa = PBXBuildFile; fileRef = 9782035325A28D8300F21F42 /* CustomerServiceView.swift */; };
		9782035725A28EFF00F21F42 /* GuideView.swift in Sources */ = {isa = PBXBuildFile; fileRef = 9782035625A28EFF00F21F42 /* GuideView.swift */; };
		97AB974B25A9F18D007C2AD4 /* CodeScanner in Frameworks */ = {isa = PBXBuildFile; productRef = 97AB974A25A9F18D007C2AD4 /* CodeScanner */; };
		97AB974F25AA683A007C2AD4 /* ProductDetailView.swift in Sources */ = {isa = PBXBuildFile; fileRef = 97AB974E25AA683A007C2AD4 /* ProductDetailView.swift */; };
		97AEC204259CFBF9007627E6 /* MyCartView.swift in Sources */ = {isa = PBXBuildFile; fileRef = 97AEC203259CFBF9007627E6 /* MyCartView.swift */; };
		97AEC207259D55FA007627E6 /* MyWalletView.swift in Sources */ = {isa = PBXBuildFile; fileRef = 97AEC206259D55FA007627E6 /* MyWalletView.swift */; };
		97FA550625A3CF96006A5587 /* ShopCategoryView.swift in Sources */ = {isa = PBXBuildFile; fileRef = 97FA550525A3CF96006A5587 /* ShopCategoryView.swift */; };
/* End PBXBuildFile section */

/* Begin PBXFileReference section */
		97132AAB25A941C6008B793C /* searchProduct.swift */ = {isa = PBXFileReference; lastKnownFileType = sourcecode.swift; path = searchProduct.swift; sourceTree = "<group>"; };
		97144F2C259A784A009AAB73 /* RMartApp.app */ = {isa = PBXFileReference; explicitFileType = wrapper.application; includeInIndex = 0; path = RMartApp.app; sourceTree = BUILT_PRODUCTS_DIR; };
		97144F2F259A784A009AAB73 /* AppDelegate.swift */ = {isa = PBXFileReference; lastKnownFileType = sourcecode.swift; path = AppDelegate.swift; sourceTree = "<group>"; };
		97144F31259A784A009AAB73 /* SceneDelegate.swift */ = {isa = PBXFileReference; lastKnownFileType = sourcecode.swift; path = SceneDelegate.swift; sourceTree = "<group>"; };
		97144F33259A784A009AAB73 /* ContentView.swift */ = {isa = PBXFileReference; lastKnownFileType = sourcecode.swift; path = ContentView.swift; sourceTree = "<group>"; };
		97144F36259A784A009AAB73 /* RMartApp.xcdatamodel */ = {isa = PBXFileReference; lastKnownFileType = wrapper.xcdatamodel; path = RMartApp.xcdatamodel; sourceTree = "<group>"; };
		97144F38259A784C009AAB73 /* Assets.xcassets */ = {isa = PBXFileReference; lastKnownFileType = folder.assetcatalog; path = Assets.xcassets; sourceTree = "<group>"; };
		97144F3B259A784C009AAB73 /* Preview Assets.xcassets */ = {isa = PBXFileReference; lastKnownFileType = folder.assetcatalog; path = "Preview Assets.xcassets"; sourceTree = "<group>"; };
		97144F3E259A784C009AAB73 /* Base */ = {isa = PBXFileReference; lastKnownFileType = file.storyboard; name = Base; path = Base.lproj/LaunchScreen.storyboard; sourceTree = "<group>"; };
		97144F40259A784C009AAB73 /* Info.plist */ = {isa = PBXFileReference; lastKnownFileType = text.plist.xml; path = Info.plist; sourceTree = "<group>"; };
		97144F49259A78C2009AAB73 /* UserSlideMenuView.swift */ = {isa = PBXFileReference; fileEncoding = 4; lastKnownFileType = sourcecode.swift; path = UserSlideMenuView.swift; sourceTree = "<group>"; };
		97144F4A259A78C3009AAB73 /* SignInView.swift */ = {isa = PBXFileReference; fileEncoding = 4; lastKnownFileType = sourcecode.swift; path = SignInView.swift; sourceTree = "<group>"; };
		97144F4B259A78C3009AAB73 /* MenuView.swift */ = {isa = PBXFileReference; fileEncoding = 4; lastKnownFileType = sourcecode.swift; path = MenuView.swift; sourceTree = "<group>"; };
		97144F4D259A78C3009AAB73 /* ProfileView.swift */ = {isa = PBXFileReference; fileEncoding = 4; lastKnownFileType = sourcecode.swift; path = ProfileView.swift; sourceTree = "<group>"; };
		97144F4E259A78C3009AAB73 /* HomeContentView.swift */ = {isa = PBXFileReference; fileEncoding = 4; lastKnownFileType = sourcecode.swift; path = HomeContentView.swift; sourceTree = "<group>"; };
		97144F4F259A78C3009AAB73 /* HeaderView.swift */ = {isa = PBXFileReference; fileEncoding = 4; lastKnownFileType = sourcecode.swift; path = HeaderView.swift; sourceTree = "<group>"; };
		97144F50259A78C3009AAB73 /* HomeView.swift */ = {isa = PBXFileReference; fileEncoding = 4; lastKnownFileType = sourcecode.swift; path = HomeView.swift; sourceTree = "<group>"; };
		97144F5B259A78CE009AAB73 /* Settings.swift */ = {isa = PBXFileReference; fileEncoding = 4; lastKnownFileType = sourcecode.swift; path = Settings.swift; sourceTree = "<group>"; };
		97144F5C259A78CE009AAB73 /* Constant.swift */ = {isa = PBXFileReference; fileEncoding = 4; lastKnownFileType = sourcecode.swift; path = Constant.swift; sourceTree = "<group>"; };
		97144F73259AB82D009AAB73 /* MyOrdersView.swift */ = {isa = PBXFileReference; lastKnownFileType = sourcecode.swift; path = MyOrdersView.swift; sourceTree = "<group>"; };
		97144F76259AC1EE009AAB73 /* DeliveryAddressView.swift */ = {isa = PBXFileReference; lastKnownFileType = sourcecode.swift; path = DeliveryAddressView.swift; sourceTree = "<group>"; };
		9740633A259FF6A500781119 /* MySubscriptionView.swift */ = {isa = PBXFileReference; lastKnownFileType = sourcecode.swift; path = MySubscriptionView.swift; sourceTree = "<group>"; };
		9740633D259FF76200781119 /* AllOffersView.swift */ = {isa = PBXFileReference; lastKnownFileType = sourcecode.swift; path = AllOffersView.swift; sourceTree = "<group>"; };
		9765F98225A52B6900816BFF /* gmart2.png */ = {isa = PBXFileReference; lastKnownFileType = image.png; path = gmart2.png; sourceTree = "<group>"; };
		9765F98525A6490000816BFF /* TestView.swift */ = {isa = PBXFileReference; lastKnownFileType = sourcecode.swift; path = TestView.swift; sourceTree = "<group>"; };
		9765F98A25A76F3900816BFF /* HeaderSearchView.swift */ = {isa = PBXFileReference; lastKnownFileType = sourcecode.swift; path = HeaderSearchView.swift; sourceTree = "<group>"; };
		9765F98D25A788F600816BFF /* SearchedContentView.swift */ = {isa = PBXFileReference; lastKnownFileType = sourcecode.swift; path = SearchedContentView.swift; sourceTree = "<group>"; };
		9782035325A28D8300F21F42 /* CustomerServiceView.swift */ = {isa = PBXFileReference; lastKnownFileType = sourcecode.swift; path = CustomerServiceView.swift; sourceTree = "<group>"; };
		9782035625A28EFF00F21F42 /* GuideView.swift */ = {isa = PBXFileReference; lastKnownFileType = sourcecode.swift; path = GuideView.swift; sourceTree = "<group>"; };
		97AB974E25AA683A007C2AD4 /* ProductDetailView.swift */ = {isa = PBXFileReference; lastKnownFileType = sourcecode.swift; path = ProductDetailView.swift; sourceTree = "<group>"; };
		97AEC203259CFBF9007627E6 /* MyCartView.swift */ = {isa = PBXFileReference; lastKnownFileType = sourcecode.swift; path = MyCartView.swift; sourceTree = "<group>"; };
		97AEC206259D55FA007627E6 /* MyWalletView.swift */ = {isa = PBXFileReference; lastKnownFileType = sourcecode.swift; path = MyWalletView.swift; sourceTree = "<group>"; };
		97FA550525A3CF96006A5587 /* ShopCategoryView.swift */ = {isa = PBXFileReference; lastKnownFileType = sourcecode.swift; path = ShopCategoryView.swift; sourceTree = "<group>"; };
/* End PBXFileReference section */

/* Begin PBXFrameworksBuildPhase section */
		97144F29259A784A009AAB73 /* Frameworks */ = {
			isa = PBXFrameworksBuildPhase;
			buildActionMask = 2147483647;
			files = (
				97AB974B25A9F18D007C2AD4 /* CodeScanner in Frameworks */,
			);
			runOnlyForDeploymentPostprocessing = 0;
		};
/* End PBXFrameworksBuildPhase section */

/* Begin PBXGroup section */
		97144F23259A784A009AAB73 = {
			isa = PBXGroup;
			children = (
				97144F2E259A784A009AAB73 /* RMartApp */,
				9765F98225A52B6900816BFF /* gmart2.png */,
				97144F2D259A784A009AAB73 /* Products */,
			);
			sourceTree = "<group>";
		};
		97144F2D259A784A009AAB73 /* Products */ = {
			isa = PBXGroup;
			children = (
				97144F2C259A784A009AAB73 /* RMartApp.app */,
			);
			name = Products;
			sourceTree = "<group>";
		};
		97144F2E259A784A009AAB73 /* RMartApp */ = {
			isa = PBXGroup;
			children = (
				97144F48259A7880009AAB73 /* Intermediate */,
				97144F47259A7879009AAB73 /* Views */,
				97144F2F259A784A009AAB73 /* AppDelegate.swift */,
				97144F31259A784A009AAB73 /* SceneDelegate.swift */,
				97144F33259A784A009AAB73 /* ContentView.swift */,
				97144F38259A784C009AAB73 /* Assets.xcassets */,
				97144F3D259A784C009AAB73 /* LaunchScreen.storyboard */,
				97144F40259A784C009AAB73 /* Info.plist */,
				97144F35259A784A009AAB73 /* RMartApp.xcdatamodeld */,
				97144F3A259A784C009AAB73 /* Preview Content */,
			);
			path = RMartApp;
			sourceTree = "<group>";
		};
		97144F3A259A784C009AAB73 /* Preview Content */ = {
			isa = PBXGroup;
			children = (
				97144F3B259A784C009AAB73 /* Preview Assets.xcassets */,
			);
			path = "Preview Content";
			sourceTree = "<group>";
		};
		97144F47259A7879009AAB73 /* Views */ = {
			isa = PBXGroup;
			children = (
				97144F4A259A78C3009AAB73 /* SignInView.swift */,
				97144F4F259A78C3009AAB73 /* HeaderView.swift */,
				97144F4E259A78C3009AAB73 /* HomeContentView.swift */,
				97144F50259A78C3009AAB73 /* HomeView.swift */,
				97144F4B259A78C3009AAB73 /* MenuView.swift */,
				97144F4D259A78C3009AAB73 /* ProfileView.swift */,
				97144F49259A78C2009AAB73 /* UserSlideMenuView.swift */,
				97144F73259AB82D009AAB73 /* MyOrdersView.swift */,
				97144F76259AC1EE009AAB73 /* DeliveryAddressView.swift */,
				97AEC203259CFBF9007627E6 /* MyCartView.swift */,
				97AEC206259D55FA007627E6 /* MyWalletView.swift */,
				9740633A259FF6A500781119 /* MySubscriptionView.swift */,
				9740633D259FF76200781119 /* AllOffersView.swift */,
				9782035325A28D8300F21F42 /* CustomerServiceView.swift */,
				9782035625A28EFF00F21F42 /* GuideView.swift */,
				97FA550525A3CF96006A5587 /* ShopCategoryView.swift */,
				9765F98525A6490000816BFF /* TestView.swift */,
				9765F98A25A76F3900816BFF /* HeaderSearchView.swift */,
				9765F98D25A788F600816BFF /* SearchedContentView.swift */,
				97132AAB25A941C6008B793C /* searchProduct.swift */,
				97AB974E25AA683A007C2AD4 /* ProductDetailView.swift */,
			);
			path = Views;
			sourceTree = "<group>";
		};
		97144F48259A7880009AAB73 /* Intermediate */ = {
			isa = PBXGroup;
			children = (
				97144F5C259A78CE009AAB73 /* Constant.swift */,
				97144F5B259A78CE009AAB73 /* Settings.swift */,
			);
			path = Intermediate;
			sourceTree = "<group>";
		};
/* End PBXGroup section */

/* Begin PBXNativeTarget section */
		97144F2B259A784A009AAB73 /* RMartApp */ = {
			isa = PBXNativeTarget;
			buildConfigurationList = 97144F43259A784C009AAB73 /* Build configuration list for PBXNativeTarget "RMartApp" */;
			buildPhases = (
				97144F28259A784A009AAB73 /* Sources */,
				97144F29259A784A009AAB73 /* Frameworks */,
				97144F2A259A784A009AAB73 /* Resources */,
			);
			buildRules = (
			);
			dependencies = (
			);
			name = RMartApp;
			packageProductDependencies = (
				97AB974A25A9F18D007C2AD4 /* CodeScanner */,
			);
			productName = RMartApp;
			productReference = 97144F2C259A784A009AAB73 /* RMartApp.app */;
			productType = "com.apple.product-type.application";
		};
/* End PBXNativeTarget section */

/* Begin PBXProject section */
		97144F24259A784A009AAB73 /* Project object */ = {
			isa = PBXProject;
			attributes = {
				LastSwiftUpdateCheck = 1230;
				LastUpgradeCheck = 1230;
				TargetAttributes = {
					97144F2B259A784A009AAB73 = {
						CreatedOnToolsVersion = 12.3;
					};
				};
			};
			buildConfigurationList = 97144F27259A784A009AAB73 /* Build configuration list for PBXProject "RMartApp" */;
			compatibilityVersion = "Xcode 9.3";
			developmentRegion = en;
			hasScannedForEncodings = 0;
			knownRegions = (
				en,
				Base,
			);
			mainGroup = 97144F23259A784A009AAB73;
			packageReferences = (
				97AB974925A9F18D007C2AD4 /* XCRemoteSwiftPackageReference "CodeScanner" */,
			);
			productRefGroup = 97144F2D259A784A009AAB73 /* Products */;
			projectDirPath = "";
			projectRoot = "";
			targets = (
				97144F2B259A784A009AAB73 /* RMartApp */,
			);
		};
/* End PBXProject section */

/* Begin PBXResourcesBuildPhase section */
		97144F2A259A784A009AAB73 /* Resources */ = {
			isa = PBXResourcesBuildPhase;
			buildActionMask = 2147483647;
			files = (
				97144F3F259A784C009AAB73 /* LaunchScreen.storyboard in Resources */,
				97144F3C259A784C009AAB73 /* Preview Assets.xcassets in Resources */,
				9765F98325A52B6A00816BFF /* gmart2.png in Resources */,
				97144F39259A784C009AAB73 /* Assets.xcassets in Resources */,
			);
			runOnlyForDeploymentPostprocessing = 0;
		};
/* End PBXResourcesBuildPhase section */

/* Begin PBXSourcesBuildPhase section */
		97144F28259A784A009AAB73 /* Sources */ = {
			isa = PBXSourcesBuildPhase;
			buildActionMask = 2147483647;
			files = (
				97144F5D259A78CE009AAB73 /* Settings.swift in Sources */,
				97144F53259A78C3009AAB73 /* MenuView.swift in Sources */,
				97144F55259A78C3009AAB73 /* ProfileView.swift in Sources */,
				97144F56259A78C3009AAB73 /* HomeContentView.swift in Sources */,
				97144F74259AB82D009AAB73 /* MyOrdersView.swift in Sources */,
				97144F37259A784A009AAB73 /* RMartApp.xcdatamodeld in Sources */,
				97FA550625A3CF96006A5587 /* ShopCategoryView.swift in Sources */,
				97AEC204259CFBF9007627E6 /* MyCartView.swift in Sources */,
				9782035425A28D8400F21F42 /* CustomerServiceView.swift in Sources */,
				9740633B259FF6A500781119 /* MySubscriptionView.swift in Sources */,
				97144F30259A784A009AAB73 /* AppDelegate.swift in Sources */,
				97132AAC25A941C6008B793C /* searchProduct.swift in Sources */,
				97144F5E259A78CE009AAB73 /* Constant.swift in Sources */,
				97144F51259A78C3009AAB73 /* UserSlideMenuView.swift in Sources */,
				97144F77259AC1EE009AAB73 /* DeliveryAddressView.swift in Sources */,
				97144F57259A78C3009AAB73 /* HeaderView.swift in Sources */,
				97144F52259A78C3009AAB73 /* SignInView.swift in Sources */,
				9765F98E25A788F600816BFF /* SearchedContentView.swift in Sources */,
				97AEC207259D55FA007627E6 /* MyWalletView.swift in Sources */,
				97144F58259A78C3009AAB73 /* HomeView.swift in Sources */,
				9740633E259FF76200781119 /* AllOffersView.swift in Sources */,
				9765F98B25A76F3900816BFF /* HeaderSearchView.swift in Sources */,
				9765F98625A6490000816BFF /* TestView.swift in Sources */,
				9782035725A28EFF00F21F42 /* GuideView.swift in Sources */,
				97144F32259A784A009AAB73 /* SceneDelegate.swift in Sources */,
				97144F34259A784A009AAB73 /* ContentView.swift in Sources */,
				97AB974F25AA683A007C2AD4 /* ProductDetailView.swift in Sources */,
			);
			runOnlyForDeploymentPostprocessing = 0;
		};
/* End PBXSourcesBuildPhase section */

/* Begin PBXVariantGroup section */
		97144F3D259A784C009AAB73 /* LaunchScreen.storyboard */ = {
			isa = PBXVariantGroup;
			children = (
				97144F3E259A784C009AAB73 /* Base */,
			);
			name = LaunchScreen.storyboard;
			sourceTree = "<group>";
		};
/* End PBXVariantGroup section */

/* Begin XCBuildConfiguration section */
		97144F41259A784C009AAB73 /* Debug */ = {
			isa = XCBuildConfiguration;
			buildSettings = {
				ALWAYS_SEARCH_USER_PATHS = NO;
				CLANG_ANALYZER_NONNULL = YES;
				CLANG_ANALYZER_NUMBER_OBJECT_CONVERSION = YES_AGGRESSIVE;
				CLANG_CXX_LANGUAGE_STANDARD = "gnu++14";
				CLANG_CXX_LIBRARY = "libc++";
				CLANG_ENABLE_MODULES = YES;
				CLANG_ENABLE_OBJC_ARC = YES;
				CLANG_ENABLE_OBJC_WEAK = YES;
				CLANG_WARN_BLOCK_CAPTURE_AUTORELEASING = YES;
				CLANG_WARN_BOOL_CONVERSION = YES;
				CLANG_WARN_COMMA = YES;
				CLANG_WARN_CONSTANT_CONVERSION = YES;
				CLANG_WARN_DEPRECATED_OBJC_IMPLEMENTATIONS = YES;
				CLANG_WARN_DIRECT_OBJC_ISA_USAGE = YES_ERROR;
				CLANG_WARN_DOCUMENTATION_COMMENTS = YES;
				CLANG_WARN_EMPTY_BODY = YES;
				CLANG_WARN_ENUM_CONVERSION = YES;
				CLANG_WARN_INFINITE_RECURSION = YES;
				CLANG_WARN_INT_CONVERSION = YES;
				CLANG_WARN_NON_LITERAL_NULL_CONVERSION = YES;
				CLANG_WARN_OBJC_IMPLICIT_RETAIN_SELF = YES;
				CLANG_WARN_OBJC_LITERAL_CONVERSION = YES;
				CLANG_WARN_OBJC_ROOT_CLASS = YES_ERROR;
				CLANG_WARN_QUOTED_INCLUDE_IN_FRAMEWORK_HEADER = YES;
				CLANG_WARN_RANGE_LOOP_ANALYSIS = YES;
				CLANG_WARN_STRICT_PROTOTYPES = YES;
				CLANG_WARN_SUSPICIOUS_MOVE = YES;
				CLANG_WARN_UNGUARDED_AVAILABILITY = YES_AGGRESSIVE;
				CLANG_WARN_UNREACHABLE_CODE = YES;
				CLANG_WARN__DUPLICATE_METHOD_MATCH = YES;
				COPY_PHASE_STRIP = NO;
				DEBUG_INFORMATION_FORMAT = dwarf;
				ENABLE_STRICT_OBJC_MSGSEND = YES;
				ENABLE_TESTABILITY = YES;
				GCC_C_LANGUAGE_STANDARD = gnu11;
				GCC_DYNAMIC_NO_PIC = NO;
				GCC_NO_COMMON_BLOCKS = YES;
				GCC_OPTIMIZATION_LEVEL = 0;
				GCC_PREPROCESSOR_DEFINITIONS = (
					"DEBUG=1",
					"$(inherited)",
				);
				GCC_WARN_64_TO_32_BIT_CONVERSION = YES;
				GCC_WARN_ABOUT_RETURN_TYPE = YES_ERROR;
				GCC_WARN_UNDECLARED_SELECTOR = YES;
				GCC_WARN_UNINITIALIZED_AUTOS = YES_AGGRESSIVE;
				GCC_WARN_UNUSED_FUNCTION = YES;
				GCC_WARN_UNUSED_VARIABLE = YES;
				IPHONEOS_DEPLOYMENT_TARGET = 14.3;
				MTL_ENABLE_DEBUG_INFO = INCLUDE_SOURCE;
				MTL_FAST_MATH = YES;
				ONLY_ACTIVE_ARCH = YES;
				SDKROOT = iphoneos;
				SWIFT_ACTIVE_COMPILATION_CONDITIONS = DEBUG;
				SWIFT_OPTIMIZATION_LEVEL = "-Onone";
			};
			name = Debug;
		};
		97144F42259A784C009AAB73 /* Release */ = {
			isa = XCBuildConfiguration;
			buildSettings = {
				ALWAYS_SEARCH_USER_PATHS = NO;
				CLANG_ANALYZER_NONNULL = YES;
				CLANG_ANALYZER_NUMBER_OBJECT_CONVERSION = YES_AGGRESSIVE;
				CLANG_CXX_LANGUAGE_STANDARD = "gnu++14";
				CLANG_CXX_LIBRARY = "libc++";
				CLANG_ENABLE_MODULES = YES;
				CLANG_ENABLE_OBJC_ARC = YES;
				CLANG_ENABLE_OBJC_WEAK = YES;
				CLANG_WARN_BLOCK_CAPTURE_AUTORELEASING = YES;
				CLANG_WARN_BOOL_CONVERSION = YES;
				CLANG_WARN_COMMA = YES;
				CLANG_WARN_CONSTANT_CONVERSION = YES;
				CLANG_WARN_DEPRECATED_OBJC_IMPLEMENTATIONS = YES;
				CLANG_WARN_DIRECT_OBJC_ISA_USAGE = YES_ERROR;
				CLANG_WARN_DOCUMENTATION_COMMENTS = YES;
				CLANG_WARN_EMPTY_BODY = YES;
				CLANG_WARN_ENUM_CONVERSION = YES;
				CLANG_WARN_INFINITE_RECURSION = YES;
				CLANG_WARN_INT_CONVERSION = YES;
				CLANG_WARN_NON_LITERAL_NULL_CONVERSION = YES;
				CLANG_WARN_OBJC_IMPLICIT_RETAIN_SELF = YES;
				CLANG_WARN_OBJC_LITERAL_CONVERSION = YES;
				CLANG_WARN_OBJC_ROOT_CLASS = YES_ERROR;
				CLANG_WARN_QUOTED_INCLUDE_IN_FRAMEWORK_HEADER = YES;
				CLANG_WARN_RANGE_LOOP_ANALYSIS = YES;
				CLANG_WARN_STRICT_PROTOTYPES = YES;
				CLANG_WARN_SUSPICIOUS_MOVE = YES;
				CLANG_WARN_UNGUARDED_AVAILABILITY = YES_AGGRESSIVE;
				CLANG_WARN_UNREACHABLE_CODE = YES;
				CLANG_WARN__DUPLICATE_METHOD_MATCH = YES;
				COPY_PHASE_STRIP = NO;
				DEBUG_INFORMATION_FORMAT = "dwarf-with-dsym";
				ENABLE_NS_ASSERTIONS = NO;
				ENABLE_STRICT_OBJC_MSGSEND = YES;
				GCC_C_LANGUAGE_STANDARD = gnu11;
				GCC_NO_COMMON_BLOCKS = YES;
				GCC_WARN_64_TO_32_BIT_CONVERSION = YES;
				GCC_WARN_ABOUT_RETURN_TYPE = YES_ERROR;
				GCC_WARN_UNDECLARED_SELECTOR = YES;
				GCC_WARN_UNINITIALIZED_AUTOS = YES_AGGRESSIVE;
				GCC_WARN_UNUSED_FUNCTION = YES;
				GCC_WARN_UNUSED_VARIABLE = YES;
				IPHONEOS_DEPLOYMENT_TARGET = 14.3;
				MTL_ENABLE_DEBUG_INFO = NO;
				MTL_FAST_MATH = YES;
				SDKROOT = iphoneos;
				SWIFT_COMPILATION_MODE = wholemodule;
				SWIFT_OPTIMIZATION_LEVEL = "-O";
				VALIDATE_PRODUCT = YES;
			};
			name = Release;
		};
		97144F44259A784C009AAB73 /* Debug */ = {
			isa = XCBuildConfiguration;
			buildSettings = {
				ASSETCATALOG_COMPILER_APPICON_NAME = AppIcon;
				ASSETCATALOG_COMPILER_GLOBAL_ACCENT_COLOR_NAME = AccentColor;
				CODE_SIGN_IDENTITY = "Apple Development";
				CODE_SIGN_STYLE = Automatic;
				DEVELOPMENT_ASSET_PATHS = "\"RMartApp/Preview Content\"";
				DEVELOPMENT_TEAM = T749PR32HB;
				ENABLE_PREVIEWS = YES;
				INFOPLIST_FILE = RMartApp/Info.plist;
				IPHONEOS_DEPLOYMENT_TARGET = 14.0;
				LD_RUNPATH_SEARCH_PATHS = (
					"$(inherited)",
					"@executable_path/Frameworks",
				);
				PRODUCT_BUNDLE_IDENTIFIER = com.rajaygms.RMartApp;
				PRODUCT_NAME = "$(TARGET_NAME)";
				PROVISIONING_PROFILE_SPECIFIER = "";
				SWIFT_VERSION = 5.0;
				TARGETED_DEVICE_FAMILY = "1,2";
			};
			name = Debug;
		};
		97144F45259A784C009AAB73 /* Release */ = {
			isa = XCBuildConfiguration;
			buildSettings = {
				ASSETCATALOG_COMPILER_APPICON_NAME = AppIcon;
				ASSETCATALOG_COMPILER_GLOBAL_ACCENT_COLOR_NAME = AccentColor;
				CODE_SIGN_IDENTITY = "Apple Development";
				CODE_SIGN_STYLE = Automatic;
				DEVELOPMENT_ASSET_PATHS = "\"RMartApp/Preview Content\"";
				DEVELOPMENT_TEAM = T749PR32HB;
				ENABLE_PREVIEWS = YES;
				INFOPLIST_FILE = RMartApp/Info.plist;
				IPHONEOS_DEPLOYMENT_TARGET = 14.0;
				LD_RUNPATH_SEARCH_PATHS = (
					"$(inherited)",
					"@executable_path/Frameworks",
				);
				PRODUCT_BUNDLE_IDENTIFIER = com.rajaygms.RMartApp;
				PRODUCT_NAME = "$(TARGET_NAME)";
				PROVISIONING_PROFILE_SPECIFIER = "";
				SWIFT_VERSION = 5.0;
				TARGETED_DEVICE_FAMILY = "1,2";
			};
			name = Release;
		};
/* End XCBuildConfiguration section */

/* Begin XCConfigurationList section */
		97144F27259A784A009AAB73 /* Build configuration list for PBXProject "RMartApp" */ = {
			isa = XCConfigurationList;
			buildConfigurations = (
				97144F41259A784C009AAB73 /* Debug */,
				97144F42259A784C009AAB73 /* Release */,
			);
			defaultConfigurationIsVisible = 0;
			defaultConfigurationName = Release;
		};
		97144F43259A784C009AAB73 /* Build configuration list for PBXNativeTarget "RMartApp" */ = {
			isa = XCConfigurationList;
			buildConfigurations = (
				97144F44259A784C009AAB73 /* Debug */,
				97144F45259A784C009AAB73 /* Release */,
			);
			defaultConfigurationIsVisible = 0;
			defaultConfigurationName = Release;
		};
/* End XCConfigurationList section */

/* Begin XCRemoteSwiftPackageReference section */
		97AB974925A9F18D007C2AD4 /* XCRemoteSwiftPackageReference "CodeScanner" */ = {
			isa = XCRemoteSwiftPackageReference;
			repositoryURL = "https://github.com/twostraws/CodeScanner";
			requirement = {
				kind = upToNextMajorVersion;
				minimumVersion = 1.0.7;
			};
		};
/* End XCRemoteSwiftPackageReference section */

/* Begin XCSwiftPackageProductDependency section */
		97AB974A25A9F18D007C2AD4 /* CodeScanner */ = {
			isa = XCSwiftPackageProductDependency;
			package = 97AB974925A9F18D007C2AD4 /* XCRemoteSwiftPackageReference "CodeScanner" */;
			productName = CodeScanner;
		};
/* End XCSwiftPackageProductDependency section */

/* Begin XCVersionGroup section */
		97144F35259A784A009AAB73 /* RMartApp.xcdatamodeld */ = {
			isa = XCVersionGroup;
			children = (
				97144F36259A784A009AAB73 /* RMartApp.xcdatamodel */,
			);
			currentVersion = 97144F36259A784A009AAB73 /* RMartApp.xcdatamodel */;
			path = RMartApp.xcdatamodeld;
			sourceTree = "<group>";
			versionGroupType = wrapper.xcdatamodel;
		};
/* End XCVersionGroup section */
	};
	rootObject = 97144F24259A784A009AAB73 /* Project object */;
}
